
Microsoft Visual Studio Solution File, Format Version 12.00
# Visual Studio Version 17
VisualStudioVersion = 17.5.002.0
MinimumVisualStudioVersion = 10.0.40219.1
Project("{9A19103F-16F7-4668-BE54-9A1E7A4F7556}") = "Calculator", "Calculator.csproj", "{DC8C6B62-89CD-4F33-9794-B93AD087247A}"
EndProject
Global
	GlobalSection(SolutionConfigurationPlatforms) = preSolution
		Debug|Any CPU = Debug|Any CPU
		Release|Any CPU = Release|Any CPU
	EndGlobalSection
	GlobalSection(ProjectConfigurationPlatforms) = postSolution
		{DC8C6B62-89CD-4F33-9794-B93AD087247A}.Debug|Any CPU.ActiveCfg = Debug|Any CPU
		{DC8C6B62-89CD-4F33-9794-B93AD087247A}.Debug|Any CPU.Build.0 = Debug|Any CPU
		{DC8C6B62-89CD-4F33-9794-B93AD087247A}.Release|Any CPU.ActiveCfg = Release|Any CPU
		{DC8C6B62-89CD-4F33-9794-B93AD087247A}.Release|Any CPU.Build.0 = Release|Any CPU
	EndGlobalSection
	GlobalSection(SolutionProperties) = preSolution
		HideSolutionNode = FALSE
	EndGlobalSection
	GlobalSection(ExtensibilityGlobals) = postSolution
		SolutionGuid = {6999E0C2-E23E-4338-B3FF-952FD69A8FA4}
	EndGlobalSection
EndGlobal
